<?xml version="1.0" encoding="utf-8"?>
<Project ToolsVersion="4.0" xmlns="http://schemas.microsoft.com/developer/msbuild/2003">
  <ItemGroup>
    <Filter Include="Source Files">
      <UniqueIdentifier>{4FC737F1-C7A5-4376-A066-2A32D752A2FF}</UniqueIdentifier>
      <Extensions>cpp;c;cc;cxx;def;odl;idl;hpj;bat;asm;asmx</Extensions>
    </Filter>
    <Filter Include="Header Files">
      <UniqueIdentifier>{93995380-89BD-4b04-88EB-625FBE52EBFB}</UniqueIdentifier>
      <Extensions>h;hh;hpp;hxx;hm;inl;inc;xsd</Extensions>
    </Filter>
    <Filter Include="Resource Files">
      <UniqueIdentifier>{67DA6AB6-F800-4c08-8B7A-83BB121AAD01}</UniqueIdentifier>
      <Extensions>rc;ico;cur;bmp;dlg;rc2;rct;bin;rgs;gif;jpg;jpeg;jpe;resx;tiff;tif;png;wav;mfcribbon-ms</Extensions>
    </Filter>
    <Filter Include="Textures">
      <UniqueIdentifier>{e3c9c030-863e-413f-8791-470054f70e3a}</UniqueIdentifier>
    </Filter>
    <Filter Include="Art">
      <UniqueIdentifier>{a5c4b344-9baa-4f81-bcc2-7d11892d37dd}</UniqueIdentifier>
    </Filter>
    <Filter Include="Meshes">
      <UniqueIdentifier>{8ce2aff6-0d13-4a15-9011-b9d83d924d15}</UniqueIdentifier>
    </Filter>
    <Filter Include="Components">
      <UniqueIdentifier>{52629fbc-aa6f-4a67-96eb-3169d7341fb6}</UniqueIdentifier>
    </Filter>
    <Filter Include="Interfaces">
      <UniqueIdentifier>{838109ba-93c2-46aa-8675-f67b40b032f4}</UniqueIdentifier>
    </Filter>
    <Filter Include="Deployment">
      <UniqueIdentifier>{9869f40e-6aef-43f6-a93a-c7da9918a425}</UniqueIdentifier>
    </Filter>
    <Filter Include="Docs">
      <UniqueIdentifier>{939075d8-bbcc-4d90-9c9b-c55b108a0893}</UniqueIdentifier>
    </Filter>
    <Filter Include="Scenarios">
      <UniqueIdentifier>{a9e6c9aa-edc2-44a3-b754-b113fb3bb38c}</UniqueIdentifier>
    </Filter>
    <Filter Include="Scenarios\Moon">
      <UniqueIdentifier>{9cdc8e44-f856-410f-8113-88f50a437720}</UniqueIdentifier>
    </Filter>
    <Filter Include="bc_orbiter">
      <UniqueIdentifier>{66bd06c1-4866-4ab8-a68d-51f715d93c84}</UniqueIdentifier>
    </Filter>
    <Filter Include="Blender">
      <UniqueIdentifier>{4a87d556-8c9c-4885-a5f0-df8818c7be54}</UniqueIdentifier>
    </Filter>
  </ItemGroup>
  <ItemGroup>
    <Text Include="ReadMe.txt" />
  </ItemGroup>
  <ItemGroup>
    <ClInclude Include="SR71Vessel.h">
      <Filter>Header Files</Filter>
    </ClInclude>
    <ClInclude Include="ShipMets.h">
      <Filter>Header Files</Filter>
    </ClInclude>
    <ClInclude Include="LiftCoeff.h">
      <Filter>Header Files</Filter>
    </ClInclude>
    <ClInclude Include="SR71r_mesh.h">
      <Filter>Header Files</Filter>
    </ClInclude>
    <ClInclude Include="IConsumable.h">
      <Filter>Interfaces</Filter>
    </ClInclude>
    <ClInclude Include="MfdMets.h">
      <Filter>Header Files</Filter>
    </ClInclude>
    <ClInclude Include="resource.h">
      <Filter>Header Files</Filter>
    </ClInclude>
    <ClInclude Include="StdAfx.h">
      <Filter>Header Files</Filter>
    </ClInclude>
    <ClInclude Include="IAvionics.h">
      <Filter>Components</Filter>
    </ClInclude>
    <ClInclude Include="VesselControl.h">
      <Filter>Components</Filter>
    </ClInclude>
    <ClInclude Include="Canopy.h">
      <Filter>Components</Filter>
    </ClInclude>
    <ClInclude Include="..\bc_orbiter\Animation.h">
      <Filter>bc_orbiter</Filter>
    </ClInclude>
    <ClInclude Include="..\bc_orbiter\control.h">
      <Filter>bc_orbiter</Filter>
    </ClInclude>
    <ClInclude Include="..\bc_orbiter\TextureRoll.h">
      <Filter>bc_orbiter</Filter>
    </ClInclude>
    <ClInclude Include="..\bc_orbiter\GenericTank.h">
      <Filter>bc_orbiter</Filter>
    </ClInclude>
    <ClInclude Include="..\bc_orbiter\HandlerInterfaces.h">
      <Filter>bc_orbiter</Filter>
    </ClInclude>
    <ClInclude Include="..\bc_orbiter\MFDBase.h">
      <Filter>bc_orbiter</Filter>
    </ClInclude>
    <ClInclude Include="..\bc_orbiter\PIDAltitude.h">
      <Filter>bc_orbiter</Filter>
    </ClInclude>
    <ClInclude Include="..\bc_orbiter\RotaryDisplay.h">
      <Filter>bc_orbiter</Filter>
    </ClInclude>
    <ClInclude Include="..\bc_orbiter\Tools.h">
      <Filter>bc_orbiter</Filter>
    </ClInclude>
    <ClInclude Include="..\bc_orbiter\transform_display.h">
      <Filter>bc_orbiter</Filter>
    </ClInclude>
    <ClInclude Include="..\bc_orbiter\vessel.h">
      <Filter>bc_orbiter</Filter>
    </ClInclude>
    <ClInclude Include="..\bc_orbiter\PanelTextureElement.h">
      <Filter>bc_orbiter</Filter>
    </ClInclude>
    <ClInclude Include="..\bc_orbiter\VCTextureElement.h">
      <Filter>bc_orbiter</Filter>
    </ClInclude>
    <ClInclude Include="..\bc_orbiter\VesselTextureElement.h">
      <Filter>bc_orbiter</Filter>
    </ClInclude>
    <ClInclude Include="..\bc_orbiter\VCEvent.h">
      <Filter>bc_orbiter</Filter>
    </ClInclude>
    <ClInclude Include="..\bc_orbiter\IVessel.h">
      <Filter>bc_orbiter</Filter>
    </ClInclude>
    <ClInclude Include="ToggleSwitch.h">
      <Filter>Header Files</Filter>
    </ClInclude>
    <ClInclude Include="StatusLight.h">
      <Filter>Header Files</Filter>
    </ClInclude>
    <ClInclude Include="PowerSystem.h">
      <Filter>Components</Filter>
    </ClInclude>
    <ClInclude Include="FuelCell.h">
      <Filter>Components</Filter>
    </ClInclude>
    <ClInclude Include="HydrogenTank.h">
      <Filter>Components</Filter>
    </ClInclude>
    <ClInclude Include="OxygenTank.h">
      <Filter>Components</Filter>
    </ClInclude>
    <ClInclude Include="IFuelCell.h">
      <Filter>Components</Filter>
    </ClInclude>
    <ClInclude Include="..\bc_orbiter\Types.h">
      <Filter>bc_orbiter</Filter>
    </ClInclude>
    <ClInclude Include="SR71_Common.h">
      <Filter>Header Files</Filter>
    </ClInclude>
    <ClInclude Include="MeshObjects.h">
      <Filter>Header Files</Filter>
    </ClInclude>
    <ClInclude Include="Gauge.h">
      <Filter>Header Files</Filter>
    </ClInclude>
  </ItemGroup>
  <ItemGroup>
    <ClCompile Include="SR71Vessel.cpp">
      <Filter>Source Files</Filter>
    </ClCompile>
    <ClCompile Include="SR71r.cpp">
      <Filter>Source Files</Filter>
    </ClCompile>
    <ClCompile Include="SR71Vessel_clbk.cpp">
      <Filter>Source Files</Filter>
    </ClCompile>
    <ClCompile Include="LiftCoeff.cpp">
      <Filter>Source Files</Filter>
    </ClCompile>
    <ClCompile Include="stdafx.cpp">
      <Filter>Source Files</Filter>
    </ClCompile>
  </ItemGroup>
  <ItemGroup>
    <None Include="Deploy.bat">
      <Filter>Deployment</Filter>
    </None>
    <None Include="$(OrbiterDir)\Config\Vessels\SR71r.cfg" />
    <None Include="..\Orbiter\Scenarios\SR71r\0 Cold Start.scn">
      <Filter>Scenarios</Filter>
    </None>
    <None Include="..\Orbiter\Scenarios\SR71r\1 Power Up.scn">
      <Filter>Scenarios</Filter>
    </None>
    <None Include="..\Orbiter\Scenarios\SR71r\2 Setup Flight.scn">
      <Filter>Scenarios</Filter>
    </None>
    <None Include="..\Orbiter\Scenarios\SR71r\3 Ready for Takeoff.scn">
      <Filter>Scenarios</Filter>
    </None>
    <None Include="..\Orbiter\Scenarios\SR71r\4 Chasing Down ISS.scn">
      <Filter>Scenarios</Filter>
    </None>
    <None Include="..\Orbiter\Scenarios\SR71r\5 Rendezvous with ISS.scn">
      <Filter>Scenarios</Filter>
    </None>
    <None Include="..\Orbiter\Scenarios\SR71r\6 Docked at the ISS.scn">
      <Filter>Scenarios</Filter>
    </None>
    <None Include="..\Orbiter\Scenarios\SR71r\7 Lined up for Re-entry.scn">
      <Filter>Scenarios</Filter>
    </None>
    <None Include="..\Orbiter\Scenarios\SR71r\8 Landing Approach.scn">
      <Filter>Scenarios</Filter>
    </None>
    <None Include="..\Orbiter\Scenarios\SR71r\Moon\1 Ascent to Earth orbit.scn">
      <Filter>Scenarios\Moon</Filter>
    </None>
    <None Include="..\Orbiter\Scenarios\SR71r\Moon\2 In Earth orbit.scn">
      <Filter>Scenarios\Moon</Filter>
    </None>
    <None Include="..\Orbiter\Scenarios\SR71r\Moon\3 Arrival - Moon orbit.scn">
      <Filter>Scenarios\Moon</Filter>
    </None>
    <None Include="..\Orbiter\Scenarios\SR71r\Moon\4 Landed - Brighton Beach.scn">
      <Filter>Scenarios\Moon</Filter>
    </None>
    <None Include="..\Docs\SR71r Manual.docx">
      <Filter>Docs</Filter>
    </None>
    <None Include="..\Docs\SR71r Manual.pdf">
      <Filter>Docs</Filter>
    </None>
    <None Include="..\Art\SR71R_100_2DPanel.xcf">
      <Filter>Art</Filter>
    </None>
    <None Include="..\Art\SR71R_100_BaseObjects.xcf">
      <Filter>Art</Filter>
    </None>
    <None Include="..\Art\SR71R_100_ButtonBuilder.xcf">
      <Filter>Art</Filter>
    </None>
    <None Include="..\Art\SR71R_100_Buttons.xcf">
      <Filter>Art</Filter>
    </None>
    <None Include="..\Art\SR71R_100_GuidanceComp.xcf">
      <Filter>Art</Filter>
    </None>
    <None Include="..\Art\SR71R_100_Horizon.xcf">
      <Filter>Art</Filter>
    </None>
    <None Include="..\Art\SR71R_100_HSI.xcf">
      <Filter>Art</Filter>
    </None>
    <None Include="..\Art\SR71R_100_LeftInstrumentPanel.xcf">
      <Filter>Art</Filter>
    </None>
    <None Include="..\Art\SR71R_100_LeftPanel.xcf">
      <Filter>Art</Filter>
    </None>
    <None Include="..\Art\SR71R_100_MFD.xcf">
      <Filter>Art</Filter>
    </None>
    <None Include="..\Art\SR71R_100_RightInstrumentPanel.xcf">
      <Filter>Art</Filter>
    </None>
    <None Include="..\Art\SR71R_100_RightPanel.xcf">
      <Filter>Art</Filter>
    </None>
    <None Include="..\Art\SR71R_100_VC1.xcf">
      <Filter>Art</Filter>
    </None>
    <None Include="..\Art\SR71R_100_VC2.xcf">
      <Filter>Art</Filter>
    </None>
    <None Include="..\Art\SR71R_VCCockpit.xcf">
      <Filter>Art</Filter>
    </None>
    <None Include="..\Art\SR71rBody.xcf">
      <Filter>Art</Filter>
    </None>
    <None Include="..\Blender\SR71r.blend">
      <Filter>Blender</Filter>
    </None>
    <None Include="Target.bat">
      <Filter>Deployment</Filter>
    </None>
    <None Include="..\Orbiter\Meshes\SR71r.msh">
      <Filter>Meshes</Filter>
    </None>
    <None Include="..\Orbiter\Meshes\SR71rVC.msh">
      <Filter>Meshes</Filter>
    </None>
    <None Include="..\Art\SR71R_200_Body.xcf">
      <Filter>Art</Filter>
    </None>
    <None Include="..\Blender\SR71rVC.blend">
      <Filter>Blender</Filter>
    </None>
    <None Include="..\Blender\SR71rPanel.blend">
      <Filter>Blender</Filter>
    </None>
    <None Include="..\Blender\SR71rPanelRight.blend">
      <Filter>Blender</Filter>
    </None>
    <None Include="..\Orbiter\Meshes\SR71rPanel.msh">
      <Filter>Meshes</Filter>
    </None>
    <None Include="..\Orbiter\Meshes\SR71rPanelRight.msh">
      <Filter>Meshes</Filter>
    </None>
    <None Include="packages.config" />
  </ItemGroup>
  <ItemGroup>
    <ResourceCompile Include="SR71R.rc">
      <Filter>Resource Files</Filter>
    </ResourceCompile>
  </ItemGroup>
  <ItemGroup>
    <Image Include="..\Orbiter\Textures\SR71_VCCockPit.dds">
      <Filter>Textures</Filter>
    </Image>
    <Image Include="..\Orbiter\Textures\SR71R_100_2DPanel.dds">
      <Filter>Textures</Filter>
    </Image>
    <Image Include="..\Orbiter\Textures\SR71R_100_VC1.dds">
      <Filter>Textures</Filter>
    </Image>
    <Image Include="..\Orbiter\Textures\SR71R_100_VC2.dds">
      <Filter>Textures</Filter>
    </Image>
    <Image Include="..\Orbiter\Textures\SR71rBody.dds">
      <Filter>Textures</Filter>
    </Image>
  </ItemGroup>
</Project>